# This file is automatically @generated by Poetry 1.8.2 and should not be changed by hand.

[[package]]
name = "flexcache"
version = "0.3"
description = "Saves and loads to the cache a transformed versions of a source object."
optional = false
python-versions = ">=3.9"
files = [
    {file = "flexcache-0.3-py3-none-any.whl", hash = "sha256:d43c9fea82336af6e0115e308d9d33a185390b8346a017564611f1466dcd2e32"},
    {file = "flexcache-0.3.tar.gz", hash = "sha256:18743bd5a0621bfe2cf8d519e4c3bfdf57a269c15d1ced3fb4b64e0ff4600656"},
]

[package.dependencies]
typing-extensions = "*"

[package.extras]
test = ["pytest", "pytest-cov", "pytest-mpl", "pytest-subtests"]

[[package]]
name = "flexparser"
version = "0.4"
description = "Parsing made fun ... using typing."
optional = false
python-versions = ">=3.9"
files = [
    {file = "flexparser-0.4-py3-none-any.whl", hash = "sha256:3738b456192dcb3e15620f324c447721023c0293f6af9955b481e91d00179846"},
    {file = "flexparser-0.4.tar.gz", hash = "sha256:266d98905595be2ccc5da964fe0a2c3526fbbffdc45b65b3146d75db992ef6b2"},
]

[package.dependencies]
typing-extensions = "*"

[package.extras]
test = ["pytest", "pytest-cov", "pytest-mpl", "pytest-subtests"]

[[package]]
name = "pint"
version = "0.25.2"
description = "Physical quantities module"
optional = false
python-versions = ">=3.11"
files = [
    {file = "pint-0.25.2-py3-none-any.whl", hash = "sha256:ca35ab1d8eeeb6f7d9942b3cb5f34ca42b61cdd5fb3eae79531553dcca04dda7"},
    {file = "pint-0.25.2.tar.gz", hash = "sha256:85a45d1da8fe9c9f7477fed8aef59ad2b939af3d6611507e1a9cbdacdcd3450a"},
]

[package.dependencies]
flexcache = ">=0.3"
flexparser = ">=0.4"
platformdirs = ">=2.1.0"
typing-extensions = ">=4.0.0"

[package.extras]
all = ["babel (<=2.8)", "dask (<2025.3.0)", "matplotlib", "mip (>=1.13)", "numpy (>=1.23)", "pint-pandas (>=0.3)", "uncertainties (>=3.1.6)", "xarray"]
babel = ["babel (<=2.8)"]
codspeed = ["pytest", "pytest-benchmark", "pytest-codspeed", "pytest-cov", "pytest-mpl", "pytest-subtests"]
dask = ["dask (<2025.3.0)"]
docs = ["babel", "commonmark (==0.8.1)", "currencyconverter", "docutils", "graphviz", "ipykernel", "ipython (<=8.12)", "jupyter-client", "nbsphinx", "pooch", "pygments (>=2.4)", "recommonmark (==0.5.0)", "sciform", "scipy", "serialize", "sparse", "sphinx (>=6,<8.2)", "sphinx-book-theme (>=1.1.0)", "sphinx-copybutton", "sphinx-design"]
matplotlib = ["matplotlib"]
mip = ["mip (>=1.13)"]
numpy = ["numpy (>=1.23)"]
pandas = ["pint-pandas (>=0.3)"]
test = ["pytest", "pytest-benchmark", "pytest-cov", "pytest-subtests"]
test-all = ["pytest", "pytest-benchmark", "pytest-cov", "pytest-mpl", "pytest-subtests"]
test-mpl = ["pytest-mpl"]
uncertainties = ["uncertainties (>=3.1.6)"]
xarray = ["xarray"]

[[package]]
name = "platformdirs"
version = "4.5.1"
description = "A small Python package for determining appropriate platform-specific dirs, e.g. a `user data dir`."
optional = false
python-versions = ">=3.10"
files = [
    {file = "platformdirs-4.5.1-py3-none-any.whl", hash = "sha256:d03afa3963c806a9bed9d5125c8f4cb2fdaf74a55ab60e5d59b3fde758104d31"},
    {file = "platformdirs-4.5.1.tar.gz", hash = "sha256:61d5cdcc6065745cdd94f0f878977f8de9437be93de97c1c12f853c9c0cdcbda"},
]

[package.extras]
docs = ["furo (>=2025.9.25)", "proselint (>=0.14)", "sphinx (>=8.2.3)", "sphinx-autodoc-typehints (>=3.2)"]
test = ["appdirs (==1.4.4)", "covdefaults (>=2.3)", "pytest (>=8.4.2)", "pytest-cov (>=7)", "pytest-mock (>=3.15.1)"]
type = ["mypy (>=1.18.2)"]

[[package]]
name = "typing-extensions"
version = "4.15.0"
description = "Backported and Experimental Type Hints for Python 3.9+"
optional = false
python-versions = ">=3.9"
files = [
    {file = "typing_extensions-4.15.0-py3-none-any.whl", hash = "sha256:f0fa19c6845758ab08074a0cfa8b7aecb71c999ca73d62883bc25cc018c4e548"},
    {file = "typing_extensions-4.15.0.tar.gz", hash = "sha256:0cea48d173cc12fa28ecabc3b837ea3cf6f38c6d1136f85cbaaf598984861466"},
]

[metadata]
lock-version = "2.0"
python-versions = "^3.11"
content-hash = "9dd662f5f0031a510b30da672db5950be2d815100e3738304bba2999cdb78df7"
